
Microsoft Visual Studio Solution File, Format Version 12.00
# Visual Studio Version 16
VisualStudioVersion = 16.0.31624.102
MinimumVisualStudioVersion = 10.0.40219.1
Project("{FAE04EC0-301F-11D3-BF4B-00C04F79EFBC}") = "ProgramacionVisual_TP6", "ProgramacionVisual_TP6\ProgramacionVisual_TP6.csproj", "{35E27492-2E0D-4FBD-9289-93CF683EE0CA}"
EndProject
Global
	GlobalSection(SolutionConfigurationPlatforms) = preSolution
		Debug|Any CPU = Debug|Any CPU
		Release|Any CPU = Release|Any CPU
	EndGlobalSection
	GlobalSection(ProjectConfigurationPlatforms) = postSolution
		{35E27492-2E0D-4FBD-9289-93CF683EE0CA}.Debug|Any CPU.ActiveCfg = Debug|Any CPU
		{35E27492-2E0D-4FBD-9289-93CF683EE0CA}.Debug|Any CPU.Build.0 = Debug|Any CPU
		{35E27492-2E0D-4FBD-9289-93CF683EE0CA}.Release|Any CPU.ActiveCfg = Release|Any CPU
		{35E27492-2E0D-4FBD-9289-93CF683EE0CA}.Release|Any CPU.Build.0 = Release|Any CPU
	EndGlobalSection
	GlobalSection(SolutionProperties) = preSolution
		HideSolutionNode = FALSE
	EndGlobalSection
	GlobalSection(ExtensibilityGlobals) = postSolution
		SolutionGuid = {B5D857EE-D092-4AD2-BA47-8E211615C6D5}
	EndGlobalSection
EndGlobal
